
Microsoft Visual Studio Solution File, Format Version 12.00
# Visual Studio 2013
VisualStudioVersion = 12.0.31101.0
MinimumVisualStudioVersion = 10.0.40219.1
Project("{FAE04EC0-301F-11D3-BF4B-00C04F79EFBC}") = "CuraeAnalytics", "CuraeAnalytics\CuraeAnalytics.csproj", "{7E5752D9-5872-43CB-B6E1-4D06035058FA}"
EndProject
Project("{CC5FD16D-436D-48AD-A40C-5A424C6E3E79}") = "CuraeCloudService", "CuraeCloudService\CuraeCloudService.ccproj", "{522F3990-F725-4D00-824E-7F8E3135F892}"
EndProject
Global
	GlobalSection(SolutionConfigurationPlatforms) = preSolution
		Debug|Any CPU = Debug|Any CPU
		Release|Any CPU = Release|Any CPU
	EndGlobalSection
	GlobalSection(ProjectConfigurationPlatforms) = postSolution
		{7E5752D9-5872-43CB-B6E1-4D06035058FA}.Debug|Any CPU.ActiveCfg = Debug|Any CPU
		{7E5752D9-5872-43CB-B6E1-4D06035058FA}.Debug|Any CPU.Build.0 = Debug|Any CPU
		{7E5752D9-5872-43CB-B6E1-4D06035058FA}.Release|Any CPU.ActiveCfg = Release|Any CPU
		{7E5752D9-5872-43CB-B6E1-4D06035058FA}.Release|Any CPU.Build.0 = Release|Any CPU
		{522F3990-F725-4D00-824E-7F8E3135F892}.Debug|Any CPU.ActiveCfg = Debug|Any CPU
		{522F3990-F725-4D00-824E-7F8E3135F892}.Debug|Any CPU.Build.0 = Debug|Any CPU
		{522F3990-F725-4D00-824E-7F8E3135F892}.Release|Any CPU.ActiveCfg = Release|Any CPU
		{522F3990-F725-4D00-824E-7F8E3135F892}.Release|Any CPU.Build.0 = Release|Any CPU
	EndGlobalSection
	GlobalSection(SolutionProperties) = preSolution
		HideSolutionNode = FALSE
	EndGlobalSection
EndGlobal
